
Microsoft Visual Studio Solution File, Format Version 12.00
# Visual Studio Version 17
VisualStudioVersion = 17.5.33516.290
MinimumVisualStudioVersion = 10.0.40219.1
Project("{FAE04EC0-301F-11D3-BF4B-00C04F79EFBC}") = "Moghtareb", "Moghtareb\Moghtareb.csproj", "{F42EDEBD-65F2-46C2-9386-60BF0C6A9A16}"
EndProject
Global
	GlobalSection(SolutionConfigurationPlatforms) = preSolution
		Debug|Any CPU = Debug|Any CPU
		Release|Any CPU = Release|Any CPU
	EndGlobalSection
	GlobalSection(ProjectConfigurationPlatforms) = postSolution
		{F42EDEBD-65F2-46C2-9386-60BF0C6A9A16}.Debug|Any CPU.ActiveCfg = Debug|Any CPU
		{F42EDEBD-65F2-46C2-9386-60BF0C6A9A16}.Debug|Any CPU.Build.0 = Debug|Any CPU
		{F42EDEBD-65F2-46C2-9386-60BF0C6A9A16}.Release|Any CPU.ActiveCfg = Release|Any CPU
		{F42EDEBD-65F2-46C2-9386-60BF0C6A9A16}.Release|Any CPU.Build.0 = Release|Any CPU
	EndGlobalSection
	GlobalSection(SolutionProperties) = preSolution
		HideSolutionNode = FALSE
	EndGlobalSection
	GlobalSection(ExtensibilityGlobals) = postSolution
		SolutionGuid = {03F50B26-624E-4881-9643-DAD134D9F462}
	EndGlobalSection
EndGlobal
